{
  "name": "advent-of-code-2023",
  "lockfileVersion": 3,
  "requires": true,
  "packages": {
    "": {
      "name": "advent-of-code-2023",
      "dependencies": {
        "bun": "^1.0.16"
      },
      "devDependencies": {
        "bun-types": "latest"
      },
      "peerDependencies": {
        "typescript": "^5.0.0"
      }
    },
    "node_modules/@oven/bun-darwin-aarch64": {
      "version": "1.0.16",
      "resolved": "https://registry.npmjs.org/@oven/bun-darwin-aarch64/-/bun-darwin-aarch64-1.0.16.tgz",
      "integrity": "sha512-nKlCkYVo9jRCAk+3/Px0Q3VA8co4zPVlYLUEPCUsi+f3OslZCuNMkrpPN7XshBGaCvaejLx3cKQdeEaebwQ1/Q==",
      "cpu": [
        "arm64"
      ],
      "optional": true,
      "os": [
        "darwin"
      ]
    },
    "node_modules/@oven/bun-darwin-x64": {
      "version": "1.0.16",
      "resolved": "https://registry.npmjs.org/@oven/bun-darwin-x64/-/bun-darwin-x64-1.0.16.tgz",
      "integrity": "sha512-/wj/j87LYyy7HxMcdQBJy3k3gVTEoUeSu3SiA3WYHKq3YBsv+8t37XgAC3fNJU/Y6xgp/5/a12ucgc5e1aMa/w==",
      "cpu": [
        "x64"
      ],
      "optional": true,
      "os": [
        "darwin"
      ]
    },
    "node_modules/@oven/bun-darwin-x64-baseline": {
      "version": "1.0.16",
      "resolved": "https://registry.npmjs.org/@oven/bun-darwin-x64-baseline/-/bun-darwin-x64-baseline-1.0.16.tgz",
      "integrity": "sha512-1m1bvwj957BYMOmuHSkBs+F6U8Ue5HnaR/UdTKmSXMJ450TnJbN14zuerHoqWqPqyYXtuRO/CXOt0j715PUCxw==",
      "cpu": [
        "x64"
      ],
      "optional": true,
      "os": [
        "darwin"
      ]
    },
    "node_modules/@oven/bun-linux-aarch64": {
      "version": "1.0.16",
      "resolved": "https://registry.npmjs.org/@oven/bun-linux-aarch64/-/bun-linux-aarch64-1.0.16.tgz",
      "integrity": "sha512-UG4b7Nf6nLUnvhpg33dRIMd4THYqE3xSRLm2phtimStLvQazyL7ImvZAo3xtc8zvpPsWQuXOVo9WkTienPpFqg==",
      "cpu": [
        "arm64"
      ],
      "optional": true,
      "os": [
        "linux"
      ]
    },
    "node_modules/@oven/bun-linux-x64": {
      "version": "1.0.16",
      "resolved": "https://registry.npmjs.org/@oven/bun-linux-x64/-/bun-linux-x64-1.0.16.tgz",
      "integrity": "sha512-7Sw1IJKsB+j1mPinDSe8eyQiWBIBJI1XAtedmzx9DXM319V7STkoo567iQJQSPKL49rPMg7XFtqjbQn2Eif+mA==",
      "cpu": [
        "x64"
      ],
      "optional": true,
      "os": [
        "linux"
      ]
    },
    "node_modules/@oven/bun-linux-x64-baseline": {
      "version": "1.0.16",
      "resolved": "https://registry.npmjs.org/@oven/bun-linux-x64-baseline/-/bun-linux-x64-baseline-1.0.16.tgz",
      "integrity": "sha512-5+IbRE2npt8xB+p8WZuUQGm2mg8ujJswPbpkMyMTUlNF9mODg8jEZJkz7hWbqZPwq8bQiXcxKJObNC5/koClQQ==",
      "cpu": [
        "x64"
      ],
      "optional": true,
      "os": [
        "linux"
      ]
    },
    "node_modules/bun": {
      "version": "1.0.16",
      "resolved": "https://registry.npmjs.org/bun/-/bun-1.0.16.tgz",
      "integrity": "sha512-hoM2VriVMSFJABRLtYG3lDJXrBg1+D5AJ/ZtB4cmRgGxFUEnKbNyOOMpsQ8UYanOveow/DrVJuTyZbjwDh7v/w==",
      "cpu": [
        "arm64",
        "x64"
      ],
      "hasInstallScript": true,
      "os": [
        "darwin",
        "linux"
      ],
      "bin": {
        "bun": "bin/bun",
        "bunx": "bin/bun"
      },
      "optionalDependencies": {
        "@oven/bun-darwin-aarch64": "1.0.16",
        "@oven/bun-darwin-x64": "1.0.16",
        "@oven/bun-darwin-x64-baseline": "1.0.16",
        "@oven/bun-linux-aarch64": "1.0.16",
        "@oven/bun-linux-x64": "1.0.16",
        "@oven/bun-linux-x64-baseline": "1.0.16"
      }
    },
    "node_modules/bun-types": {
      "version": "1.0.16",
      "resolved": "https://registry.npmjs.org/bun-types/-/bun-types-1.0.16.tgz",
      "integrity": "sha512-GnElqUSGWvFP1Hxv2FdxLuCDzUcHZ1ac/QrOOpZ18r2RHig+S+JXIOT0YIvrHo4XwqLeurlB6CqYminiCxQIEw==",
      "dev": true
    },
    "node_modules/typescript": {
      "version": "5.3.3",
      "resolved": "https://registry.npmjs.org/typescript/-/typescript-5.3.3.tgz",
      "integrity": "sha512-pXWcraxM0uxAS+tN0AG/BF2TyqmHO014Z070UsJ+pFvYuRSq8KH8DmWpnbXe0pEPDHXZV3FcAbJkijJ5oNEnWw==",
      "peer": true,
      "bin": {
        "tsc": "bin/tsc",
        "tsserver": "bin/tsserver"
      },
      "engines": {
        "node": ">=14.17"
      }
    }
  }
}
